
Microsoft Visual Studio Solution File, Format Version 12.00
# Visual Studio Version 16
VisualStudioVersion = 16.0.30611.23
MinimumVisualStudioVersion = 10.0.40219.1
Project("{FAE04EC0-301F-11D3-BF4B-00C04F79EFBC}") = "simunovic_marko_WCF", "simunovic_marko_WCF\simunovic_marko_WCF.csproj", "{4576F0B1-F996-4EEA-8880-D257D855DA16}"
EndProject
Project("{FAE04EC0-301F-11D3-BF4B-00C04F79EFBC}") = "Client", "..\Client\Client\Client.csproj", "{BDB04531-F5B7-4025-B156-CCB1D16E0AAD}"
EndProject
Global
	GlobalSection(SolutionConfigurationPlatforms) = preSolution
		Debug|Any CPU = Debug|Any CPU
		Release|Any CPU = Release|Any CPU
	EndGlobalSection
	GlobalSection(ProjectConfigurationPlatforms) = postSolution
		{4576F0B1-F996-4EEA-8880-D257D855DA16}.Debug|Any CPU.ActiveCfg = Debug|Any CPU
		{4576F0B1-F996-4EEA-8880-D257D855DA16}.Debug|Any CPU.Build.0 = Debug|Any CPU
		{4576F0B1-F996-4EEA-8880-D257D855DA16}.Release|Any CPU.ActiveCfg = Release|Any CPU
		{4576F0B1-F996-4EEA-8880-D257D855DA16}.Release|Any CPU.Build.0 = Release|Any CPU
		{BDB04531-F5B7-4025-B156-CCB1D16E0AAD}.Debug|Any CPU.ActiveCfg = Debug|Any CPU
		{BDB04531-F5B7-4025-B156-CCB1D16E0AAD}.Debug|Any CPU.Build.0 = Debug|Any CPU
		{BDB04531-F5B7-4025-B156-CCB1D16E0AAD}.Release|Any CPU.ActiveCfg = Release|Any CPU
		{BDB04531-F5B7-4025-B156-CCB1D16E0AAD}.Release|Any CPU.Build.0 = Release|Any CPU
	EndGlobalSection
	GlobalSection(SolutionProperties) = preSolution
		HideSolutionNode = FALSE
	EndGlobalSection
	GlobalSection(ExtensibilityGlobals) = postSolution
		SolutionGuid = {D37BE585-A317-4AFA-8EF5-49248E3BBE13}
	EndGlobalSection
EndGlobal
