
Microsoft Visual Studio Solution File, Format Version 12.00
# Visual Studio Version 16
VisualStudioVersion = 16.0.30717.126
MinimumVisualStudioVersion = 10.0.40219.1
Project("{FAE04EC0-301F-11D3-BF4B-00C04F79EFBC}") = "Naloga9_Simunovic", "Naloga9_Simunovic\Naloga9_Simunovic.csproj", "{FE6CBF2D-0D0B-4CBA-8D00-2A9327B002D9}"
EndProject
Global
	GlobalSection(SolutionConfigurationPlatforms) = preSolution
		Debug|Any CPU = Debug|Any CPU
		Release|Any CPU = Release|Any CPU
	EndGlobalSection
	GlobalSection(ProjectConfigurationPlatforms) = postSolution
		{FE6CBF2D-0D0B-4CBA-8D00-2A9327B002D9}.Debug|Any CPU.ActiveCfg = Debug|Any CPU
		{FE6CBF2D-0D0B-4CBA-8D00-2A9327B002D9}.Debug|Any CPU.Build.0 = Debug|Any CPU
		{FE6CBF2D-0D0B-4CBA-8D00-2A9327B002D9}.Release|Any CPU.ActiveCfg = Release|Any CPU
		{FE6CBF2D-0D0B-4CBA-8D00-2A9327B002D9}.Release|Any CPU.Build.0 = Release|Any CPU
	EndGlobalSection
	GlobalSection(SolutionProperties) = preSolution
		HideSolutionNode = FALSE
	EndGlobalSection
	GlobalSection(ExtensibilityGlobals) = postSolution
		SolutionGuid = {6C4F1420-010B-4774-827C-67DFAE07AB34}
	EndGlobalSection
EndGlobal
