
Microsoft Visual Studio Solution File, Format Version 12.00
# Visual Studio Version 16
VisualStudioVersion = 16.0.31019.35
MinimumVisualStudioVersion = 10.0.40219.1
Project("{FAE04EC0-301F-11D3-BF4B-00C04F79EFBC}") = "DSR_1_Naloga", "DSR_1_Naloga\DSR_1_Naloga.csproj", "{90A176A7-F69C-485F-92B5-C601F62C44F4}"
EndProject
Global
	GlobalSection(SolutionConfigurationPlatforms) = preSolution
		Debug|Any CPU = Debug|Any CPU
		Release|Any CPU = Release|Any CPU
	EndGlobalSection
	GlobalSection(ProjectConfigurationPlatforms) = postSolution
		{90A176A7-F69C-485F-92B5-C601F62C44F4}.Debug|Any CPU.ActiveCfg = Debug|Any CPU
		{90A176A7-F69C-485F-92B5-C601F62C44F4}.Debug|Any CPU.Build.0 = Debug|Any CPU
		{90A176A7-F69C-485F-92B5-C601F62C44F4}.Release|Any CPU.ActiveCfg = Release|Any CPU
		{90A176A7-F69C-485F-92B5-C601F62C44F4}.Release|Any CPU.Build.0 = Release|Any CPU
	EndGlobalSection
	GlobalSection(SolutionProperties) = preSolution
		HideSolutionNode = FALSE
	EndGlobalSection
	GlobalSection(ExtensibilityGlobals) = postSolution
		SolutionGuid = {9174E53B-285C-40BE-9A3A-F01D16EA314E}
	EndGlobalSection
EndGlobal
