
Microsoft Visual Studio Solution File, Format Version 12.00
# Visual Studio Version 16
VisualStudioVersion = 16.0.31025.194
MinimumVisualStudioVersion = 10.0.40219.1
Project("{9A19103F-16F7-4668-BE54-9A1E7A4F7556}") = "Simunovic_SO_Naloga2", "Simunovic_SO_Naloga2\Simunovic_SO_Naloga2.csproj", "{9B6030E5-4DAB-4A56-A4D9-5E493BBA1A0B}"
EndProject
Project("{9A19103F-16F7-4668-BE54-9A1E7A4F7556}") = "Test_TaJePraviUnNEDela", "Test\Test_TaJePraviUnNEDela.csproj", "{8BCF57B4-36D1-4B31-A9FE-BE732809081E}"
EndProject
Global
	GlobalSection(SolutionConfigurationPlatforms) = preSolution
		Debug|Any CPU = Debug|Any CPU
		Release|Any CPU = Release|Any CPU
	EndGlobalSection
	GlobalSection(ProjectConfigurationPlatforms) = postSolution
		{9B6030E5-4DAB-4A56-A4D9-5E493BBA1A0B}.Debug|Any CPU.ActiveCfg = Debug|Any CPU
		{9B6030E5-4DAB-4A56-A4D9-5E493BBA1A0B}.Debug|Any CPU.Build.0 = Debug|Any CPU
		{9B6030E5-4DAB-4A56-A4D9-5E493BBA1A0B}.Release|Any CPU.ActiveCfg = Release|Any CPU
		{9B6030E5-4DAB-4A56-A4D9-5E493BBA1A0B}.Release|Any CPU.Build.0 = Release|Any CPU
		{8BCF57B4-36D1-4B31-A9FE-BE732809081E}.Debug|Any CPU.ActiveCfg = Debug|Any CPU
		{8BCF57B4-36D1-4B31-A9FE-BE732809081E}.Debug|Any CPU.Build.0 = Debug|Any CPU
		{8BCF57B4-36D1-4B31-A9FE-BE732809081E}.Release|Any CPU.ActiveCfg = Release|Any CPU
		{8BCF57B4-36D1-4B31-A9FE-BE732809081E}.Release|Any CPU.Build.0 = Release|Any CPU
	EndGlobalSection
	GlobalSection(SolutionProperties) = preSolution
		HideSolutionNode = FALSE
	EndGlobalSection
	GlobalSection(ExtensibilityGlobals) = postSolution
		SolutionGuid = {5CFE28A1-D3BA-4F36-AE5A-7D3A0A3DF6A2}
	EndGlobalSection
EndGlobal
