
Microsoft Visual Studio Solution File, Format Version 12.00
# Visual Studio Version 16
VisualStudioVersion = 16.0.30611.23
MinimumVisualStudioVersion = 10.0.40219.1
Project("{FAE04EC0-301F-11D3-BF4B-00C04F79EFBC}") = "TEST", "TEST\TEST.csproj", "{FFB32C51-A3E3-42E2-81C0-6CAB52EB3B6E}"
EndProject
Project("{FAE04EC0-301F-11D3-BF4B-00C04F79EFBC}") = "ClientT", "ClientT\ClientT.csproj", "{C4511AE4-6D34-46D5-BBB8-D0BCEC4E4EDA}"
EndProject
Global
	GlobalSection(SolutionConfigurationPlatforms) = preSolution
		Debug|Any CPU = Debug|Any CPU
		Release|Any CPU = Release|Any CPU
	EndGlobalSection
	GlobalSection(ProjectConfigurationPlatforms) = postSolution
		{FFB32C51-A3E3-42E2-81C0-6CAB52EB3B6E}.Debug|Any CPU.ActiveCfg = Debug|Any CPU
		{FFB32C51-A3E3-42E2-81C0-6CAB52EB3B6E}.Debug|Any CPU.Build.0 = Debug|Any CPU
		{FFB32C51-A3E3-42E2-81C0-6CAB52EB3B6E}.Release|Any CPU.ActiveCfg = Release|Any CPU
		{FFB32C51-A3E3-42E2-81C0-6CAB52EB3B6E}.Release|Any CPU.Build.0 = Release|Any CPU
		{C4511AE4-6D34-46D5-BBB8-D0BCEC4E4EDA}.Debug|Any CPU.ActiveCfg = Debug|Any CPU
		{C4511AE4-6D34-46D5-BBB8-D0BCEC4E4EDA}.Debug|Any CPU.Build.0 = Debug|Any CPU
		{C4511AE4-6D34-46D5-BBB8-D0BCEC4E4EDA}.Release|Any CPU.ActiveCfg = Release|Any CPU
		{C4511AE4-6D34-46D5-BBB8-D0BCEC4E4EDA}.Release|Any CPU.Build.0 = Release|Any CPU
	EndGlobalSection
	GlobalSection(SolutionProperties) = preSolution
		HideSolutionNode = FALSE
	EndGlobalSection
	GlobalSection(ExtensibilityGlobals) = postSolution
		SolutionGuid = {0E5AEB29-0D18-4CA3-B391-85707A69480D}
	EndGlobalSection
EndGlobal
